
Microsoft Visual Studio Solution File, Format Version 12.00
# Visual Studio Version 16
VisualStudioVersion = 16.0.29418.71
MinimumVisualStudioVersion = 10.0.40219.1
Project("{FAE04EC0-301F-11D3-BF4B-00C04F79EFBC}") = "BOEDemoMessageLibrary", "BOEDemoMessageLibrary\BOEDemoMessageLibrary.csproj", "{DF03F409-9698-4A6E-B2DC-AC004ADF5FEE}"
EndProject
Global
	GlobalSection(SolutionConfigurationPlatforms) = preSolution
		Debug|Any CPU = Debug|Any CPU
		Release|Any CPU = Release|Any CPU
	EndGlobalSection
	GlobalSection(ProjectConfigurationPlatforms) = postSolution
		{DF03F409-9698-4A6E-B2DC-AC004ADF5FEE}.Debug|Any CPU.ActiveCfg = Debug|Any CPU
		{DF03F409-9698-4A6E-B2DC-AC004ADF5FEE}.Debug|Any CPU.Build.0 = Debug|Any CPU
		{DF03F409-9698-4A6E-B2DC-AC004ADF5FEE}.Release|Any CPU.ActiveCfg = Release|Any CPU
		{DF03F409-9698-4A6E-B2DC-AC004ADF5FEE}.Release|Any CPU.Build.0 = Release|Any CPU
	EndGlobalSection
	GlobalSection(SolutionProperties) = preSolution
		HideSolutionNode = FALSE
	EndGlobalSection
	GlobalSection(ExtensibilityGlobals) = postSolution
		SolutionGuid = {1F68C9F5-79AF-4F9D-BBF7-5B5FC486B447}
	EndGlobalSection
EndGlobal
